// !$*UTF8*$!
{
	archiveVersion = 1;
	classes = {
	};
	objectVersion = 56;
	objects = {

/* Begin PBXBuildFile section */
		0FE9F3882A5E479300C69153 /* MessengerFirebaseApp.swift in Sources */ = {isa = PBXBuildFile; fileRef = 0FE9F3872A5E479300C69153 /* MessengerFirebaseApp.swift */; };
		0FE9F38A2A5E479300C69153 /* ContentView.swift in Sources */ = {isa = PBXBuildFile; fileRef = 0FE9F3892A5E479300C69153 /* ContentView.swift */; };
		0FE9F38C2A5E479400C69153 /* Assets.xcassets in Resources */ = {isa = PBXBuildFile; fileRef = 0FE9F38B2A5E479400C69153 /* Assets.xcassets */; };
		0FE9F38F2A5E479400C69153 /* Preview Assets.xcassets in Resources */ = {isa = PBXBuildFile; fileRef = 0FE9F38E2A5E479400C69153 /* Preview Assets.xcassets */; };
		0FE9F39E2A5E4AD200C69153 /* LoginView.swift in Sources */ = {isa = PBXBuildFile; fileRef = 0FE9F39D2A5E4AD200C69153 /* LoginView.swift */; };
		0FE9F3A02A5F67C400C69153 /* RegistrationView.swift in Sources */ = {isa = PBXBuildFile; fileRef = 0FE9F39F2A5F67C400C69153 /* RegistrationView.swift */; };
		0FE9F3A32A5F761200C69153 /* InboxView.swift in Sources */ = {isa = PBXBuildFile; fileRef = 0FE9F3A22A5F761200C69153 /* InboxView.swift */; };
		0FE9F3A62A5F7AB700C69153 /* ActiveNowView.swift in Sources */ = {isa = PBXBuildFile; fileRef = 0FE9F3A52A5F7AB700C69153 /* ActiveNowView.swift */; };
		0FE9F3A82A5F7E3000C69153 /* InboxRowView.swift in Sources */ = {isa = PBXBuildFile; fileRef = 0FE9F3A72A5F7E3000C69153 /* InboxRowView.swift */; };
/* End PBXBuildFile section */

/* Begin PBXFileReference section */
		0FE9F3842A5E479300C69153 /* MessengerFirebase.app */ = {isa = PBXFileReference; explicitFileType = wrapper.application; includeInIndex = 0; path = MessengerFirebase.app; sourceTree = BUILT_PRODUCTS_DIR; };
		0FE9F3872A5E479300C69153 /* MessengerFirebaseApp.swift */ = {isa = PBXFileReference; lastKnownFileType = sourcecode.swift; path = MessengerFirebaseApp.swift; sourceTree = "<group>"; };
		0FE9F3892A5E479300C69153 /* ContentView.swift */ = {isa = PBXFileReference; lastKnownFileType = sourcecode.swift; path = ContentView.swift; sourceTree = "<group>"; };
		0FE9F38B2A5E479400C69153 /* Assets.xcassets */ = {isa = PBXFileReference; lastKnownFileType = folder.assetcatalog; path = Assets.xcassets; sourceTree = "<group>"; };
		0FE9F38E2A5E479400C69153 /* Preview Assets.xcassets */ = {isa = PBXFileReference; lastKnownFileType = folder.assetcatalog; path = "Preview Assets.xcassets"; sourceTree = "<group>"; };
		0FE9F39D2A5E4AD200C69153 /* LoginView.swift */ = {isa = PBXFileReference; lastKnownFileType = sourcecode.swift; path = LoginView.swift; sourceTree = "<group>"; };
		0FE9F39F2A5F67C400C69153 /* RegistrationView.swift */ = {isa = PBXFileReference; lastKnownFileType = sourcecode.swift; path = RegistrationView.swift; sourceTree = "<group>"; };
		0FE9F3A22A5F761200C69153 /* InboxView.swift */ = {isa = PBXFileReference; lastKnownFileType = sourcecode.swift; path = InboxView.swift; sourceTree = "<group>"; };
		0FE9F3A52A5F7AB700C69153 /* ActiveNowView.swift */ = {isa = PBXFileReference; lastKnownFileType = sourcecode.swift; path = ActiveNowView.swift; sourceTree = "<group>"; };
		0FE9F3A72A5F7E3000C69153 /* InboxRowView.swift */ = {isa = PBXFileReference; lastKnownFileType = sourcecode.swift; path = InboxRowView.swift; sourceTree = "<group>"; };
/* End PBXFileReference section */

/* Begin PBXFrameworksBuildPhase section */
		0FE9F3812A5E479300C69153 /* Frameworks */ = {
			isa = PBXFrameworksBuildPhase;
			buildActionMask = 2147483647;
			files = (
			);
			runOnlyForDeploymentPostprocessing = 0;
		};
/* End PBXFrameworksBuildPhase section */

/* Begin PBXGroup section */
		0FE9F37B2A5E479300C69153 = {
			isa = PBXGroup;
			children = (
				0FE9F3862A5E479300C69153 /* MessengerFirebase */,
				0FE9F3852A5E479300C69153 /* Products */,
			);
			sourceTree = "<group>";
		};
		0FE9F3852A5E479300C69153 /* Products */ = {
			isa = PBXGroup;
			children = (
				0FE9F3842A5E479300C69153 /* MessengerFirebase.app */,
			);
			name = Products;
			sourceTree = "<group>";
		};
		0FE9F3862A5E479300C69153 /* MessengerFirebase */ = {
			isa = PBXGroup;
			children = (
				0FE9F3992A5E48B200C69153 /* App */,
				0FE9F3952A5E488E00C69153 /* Extensions */,
				0FE9F3982A5E48AD00C69153 /* Core */,
				0FE9F3972A5E489D00C69153 /* Model */,
				0FE9F3962A5E489600C69153 /* Service */,
				0FE9F38B2A5E479400C69153 /* Assets.xcassets */,
				0FE9F38D2A5E479400C69153 /* Preview Content */,
			);
			path = MessengerFirebase;
			sourceTree = "<group>";
		};
		0FE9F38D2A5E479400C69153 /* Preview Content */ = {
			isa = PBXGroup;
			children = (
				0FE9F38E2A5E479400C69153 /* Preview Assets.xcassets */,
			);
			path = "Preview Content";
			sourceTree = "<group>";
		};
		0FE9F3952A5E488E00C69153 /* Extensions */ = {
			isa = PBXGroup;
			children = (
			);
			path = Extensions;
			sourceTree = "<group>";
		};
		0FE9F3962A5E489600C69153 /* Service */ = {
			isa = PBXGroup;
			children = (
			);
			path = Service;
			sourceTree = "<group>";
		};
		0FE9F3972A5E489D00C69153 /* Model */ = {
			isa = PBXGroup;
			children = (
			);
			path = Model;
			sourceTree = "<group>";
		};
		0FE9F3982A5E48AD00C69153 /* Core */ = {
			isa = PBXGroup;
			children = (
				0FE9F3A42A5F7A9800C69153 /* ActiveNow */,
				0FE9F39A2A5E4A2400C69153 /* Authentication */,
				0FE9F3A12A5F75C100C69153 /* Inbox */,
				0FE9F39B2A5E4A5C00C69153 /* Root */,
			);
			path = Core;
			sourceTree = "<group>";
		};
		0FE9F3992A5E48B200C69153 /* App */ = {
			isa = PBXGroup;
			children = (
				0FE9F3872A5E479300C69153 /* MessengerFirebaseApp.swift */,
			);
			path = App;
			sourceTree = "<group>";
		};
		0FE9F39A2A5E4A2400C69153 /* Authentication */ = {
			isa = PBXGroup;
			children = (
				0FE9F39C2A5E4A9100C69153 /* View */,
			);
			path = Authentication;
			sourceTree = "<group>";
		};
		0FE9F39B2A5E4A5C00C69153 /* Root */ = {
			isa = PBXGroup;
			children = (
				0FE9F3892A5E479300C69153 /* ContentView.swift */,
			);
			path = Root;
			sourceTree = "<group>";
		};
		0FE9F39C2A5E4A9100C69153 /* View */ = {
			isa = PBXGroup;
			children = (
				0FE9F39D2A5E4AD200C69153 /* LoginView.swift */,
				0FE9F39F2A5F67C400C69153 /* RegistrationView.swift */,
			);
			path = View;
			sourceTree = "<group>";
		};
		0FE9F3A12A5F75C100C69153 /* Inbox */ = {
			isa = PBXGroup;
			children = (
				0FE9F3A22A5F761200C69153 /* InboxView.swift */,
				0FE9F3A72A5F7E3000C69153 /* InboxRowView.swift */,
			);
			path = Inbox;
			sourceTree = "<group>";
		};
		0FE9F3A42A5F7A9800C69153 /* ActiveNow */ = {
			isa = PBXGroup;
			children = (
				0FE9F3A52A5F7AB700C69153 /* ActiveNowView.swift */,
			);
			path = ActiveNow;
			sourceTree = "<group>";
		};
/* End PBXGroup section */

/* Begin PBXNativeTarget section */
		0FE9F3832A5E479300C69153 /* MessengerFirebase */ = {
			isa = PBXNativeTarget;
			buildConfigurationList = 0FE9F3922A5E479400C69153 /* Build configuration list for PBXNativeTarget "MessengerFirebase" */;
			buildPhases = (
				0FE9F3802A5E479300C69153 /* Sources */,
				0FE9F3812A5E479300C69153 /* Frameworks */,
				0FE9F3822A5E479300C69153 /* Resources */,
			);
			buildRules = (
			);
			dependencies = (
			);
			name = MessengerFirebase;
			productName = MessengerFirebase;
			productReference = 0FE9F3842A5E479300C69153 /* MessengerFirebase.app */;
			productType = "com.apple.product-type.application";
		};
/* End PBXNativeTarget section */

/* Begin PBXProject section */
		0FE9F37C2A5E479300C69153 /* Project object */ = {
			isa = PBXProject;
			attributes = {
				BuildIndependentTargetsInParallel = 1;
				LastSwiftUpdateCheck = 1430;
				LastUpgradeCheck = 1430;
				TargetAttributes = {
					0FE9F3832A5E479300C69153 = {
						CreatedOnToolsVersion = 14.3.1;
					};
				};
			};
			buildConfigurationList = 0FE9F37F2A5E479300C69153 /* Build configuration list for PBXProject "MessengerFirebase" */;
			compatibilityVersion = "Xcode 14.0";
			developmentRegion = en;
			hasScannedForEncodings = 0;
			knownRegions = (
				en,
				Base,
			);
			mainGroup = 0FE9F37B2A5E479300C69153;
			productRefGroup = 0FE9F3852A5E479300C69153 /* Products */;
			projectDirPath = "";
			projectRoot = "";
			targets = (
				0FE9F3832A5E479300C69153 /* MessengerFirebase */,
			);
		};
/* End PBXProject section */

/* Begin PBXResourcesBuildPhase section */
		0FE9F3822A5E479300C69153 /* Resources */ = {
			isa = PBXResourcesBuildPhase;
			buildActionMask = 2147483647;
			files = (
				0FE9F38F2A5E479400C69153 /* Preview Assets.xcassets in Resources */,
				0FE9F38C2A5E479400C69153 /* Assets.xcassets in Resources */,
			);
			runOnlyForDeploymentPostprocessing = 0;
		};
/* End PBXResourcesBuildPhase section */

/* Begin PBXSourcesBuildPhase section */
		0FE9F3802A5E479300C69153 /* Sources */ = {
			isa = PBXSourcesBuildPhase;
			buildActionMask = 2147483647;
			files = (
				0FE9F3A82A5F7E3000C69153 /* InboxRowView.swift in Sources */,
				0FE9F39E2A5E4AD200C69153 /* LoginView.swift in Sources */,
				0FE9F38A2A5E479300C69153 /* ContentView.swift in Sources */,
				0FE9F3A32A5F761200C69153 /* InboxView.swift in Sources */,
				0FE9F3A62A5F7AB700C69153 /* ActiveNowView.swift in Sources */,
				0FE9F3882A5E479300C69153 /* MessengerFirebaseApp.swift in Sources */,
				0FE9F3A02A5F67C400C69153 /* RegistrationView.swift in Sources */,
			);
			runOnlyForDeploymentPostprocessing = 0;
		};
/* End PBXSourcesBuildPhase section */

/* Begin XCBuildConfiguration section */
		0FE9F3902A5E479400C69153 /* Debug */ = {
			isa = XCBuildConfiguration;
			buildSettings = {
				ALWAYS_SEARCH_USER_PATHS = NO;
				CLANG_ANALYZER_NONNULL = YES;
				CLANG_ANALYZER_NUMBER_OBJECT_CONVERSION = YES_AGGRESSIVE;
				CLANG_CXX_LANGUAGE_STANDARD = "gnu++20";
				CLANG_ENABLE_MODULES = YES;
				CLANG_ENABLE_OBJC_ARC = YES;
				CLANG_ENABLE_OBJC_WEAK = YES;
				CLANG_WARN_BLOCK_CAPTURE_AUTORELEASING = YES;
				CLANG_WARN_BOOL_CONVERSION = YES;
				CLANG_WARN_COMMA = YES;
				CLANG_WARN_CONSTANT_CONVERSION = YES;
				CLANG_WARN_DEPRECATED_OBJC_IMPLEMENTATIONS = YES;
				CLANG_WARN_DIRECT_OBJC_ISA_USAGE = YES_ERROR;
				CLANG_WARN_DOCUMENTATION_COMMENTS = YES;
				CLANG_WARN_EMPTY_BODY = YES;
				CLANG_WARN_ENUM_CONVERSION = YES;
				CLANG_WARN_INFINITE_RECURSION = YES;
				CLANG_WARN_INT_CONVERSION = YES;
				CLANG_WARN_NON_LITERAL_NULL_CONVERSION = YES;
				CLANG_WARN_OBJC_IMPLICIT_RETAIN_SELF = YES;
				CLANG_WARN_OBJC_LITERAL_CONVERSION = YES;
				CLANG_WARN_OBJC_ROOT_CLASS = YES_ERROR;
				CLANG_WARN_QUOTED_INCLUDE_IN_FRAMEWORK_HEADER = YES;
				CLANG_WARN_RANGE_LOOP_ANALYSIS = YES;
				CLANG_WARN_STRICT_PROTOTYPES = YES;
				CLANG_WARN_SUSPICIOUS_MOVE = YES;
				CLANG_WARN_UNGUARDED_AVAILABILITY = YES_AGGRESSIVE;
				CLANG_WARN_UNREACHABLE_CODE = YES;
				CLANG_WARN__DUPLICATE_METHOD_MATCH = YES;
				COPY_PHASE_STRIP = NO;
				DEBUG_INFORMATION_FORMAT = dwarf;
				ENABLE_STRICT_OBJC_MSGSEND = YES;
				ENABLE_TESTABILITY = YES;
				GCC_C_LANGUAGE_STANDARD = gnu11;
				GCC_DYNAMIC_NO_PIC = NO;
				GCC_NO_COMMON_BLOCKS = YES;
				GCC_OPTIMIZATION_LEVEL = 0;
				GCC_PREPROCESSOR_DEFINITIONS = (
					"DEBUG=1",
					"$(inherited)",
				);
				GCC_WARN_64_TO_32_BIT_CONVERSION = YES;
				GCC_WARN_ABOUT_RETURN_TYPE = YES_ERROR;
				GCC_WARN_UNDECLARED_SELECTOR = YES;
				GCC_WARN_UNINITIALIZED_AUTOS = YES_AGGRESSIVE;
				GCC_WARN_UNUSED_FUNCTION = YES;
				GCC_WARN_UNUSED_VARIABLE = YES;
				IPHONEOS_DEPLOYMENT_TARGET = 16.4;
				MTL_ENABLE_DEBUG_INFO = INCLUDE_SOURCE;
				MTL_FAST_MATH = YES;
				ONLY_ACTIVE_ARCH = YES;
				SDKROOT = iphoneos;
				SWIFT_ACTIVE_COMPILATION_CONDITIONS = DEBUG;
				SWIFT_OPTIMIZATION_LEVEL = "-Onone";
			};
			name = Debug;
		};
		0FE9F3912A5E479400C69153 /* Release */ = {
			isa = XCBuildConfiguration;
			buildSettings = {
				ALWAYS_SEARCH_USER_PATHS = NO;
				CLANG_ANALYZER_NONNULL = YES;
				CLANG_ANALYZER_NUMBER_OBJECT_CONVERSION = YES_AGGRESSIVE;
				CLANG_CXX_LANGUAGE_STANDARD = "gnu++20";
				CLANG_ENABLE_MODULES = YES;
				CLANG_ENABLE_OBJC_ARC = YES;
				CLANG_ENABLE_OBJC_WEAK = YES;
				CLANG_WARN_BLOCK_CAPTURE_AUTORELEASING = YES;
				CLANG_WARN_BOOL_CONVERSION = YES;
				CLANG_WARN_COMMA = YES;
				CLANG_WARN_CONSTANT_CONVERSION = YES;
				CLANG_WARN_DEPRECATED_OBJC_IMPLEMENTATIONS = YES;
				CLANG_WARN_DIRECT_OBJC_ISA_USAGE = YES_ERROR;
				CLANG_WARN_DOCUMENTATION_COMMENTS = YES;
				CLANG_WARN_EMPTY_BODY = YES;
				CLANG_WARN_ENUM_CONVERSION = YES;
				CLANG_WARN_INFINITE_RECURSION = YES;
				CLANG_WARN_INT_CONVERSION = YES;
				CLANG_WARN_NON_LITERAL_NULL_CONVERSION = YES;
				CLANG_WARN_OBJC_IMPLICIT_RETAIN_SELF = YES;
				CLANG_WARN_OBJC_LITERAL_CONVERSION = YES;
				CLANG_WARN_OBJC_ROOT_CLASS = YES_ERROR;
				CLANG_WARN_QUOTED_INCLUDE_IN_FRAMEWORK_HEADER = YES;
				CLANG_WARN_RANGE_LOOP_ANALYSIS = YES;
				CLANG_WARN_STRICT_PROTOTYPES = YES;
				CLANG_WARN_SUSPICIOUS_MOVE = YES;
				CLANG_WARN_UNGUARDED_AVAILABILITY = YES_AGGRESSIVE;
				CLANG_WARN_UNREACHABLE_CODE = YES;
				CLANG_WARN__DUPLICATE_METHOD_MATCH = YES;
				COPY_PHASE_STRIP = NO;
				DEBUG_INFORMATION_FORMAT = "dwarf-with-dsym";
				ENABLE_NS_ASSERTIONS = NO;
				ENABLE_STRICT_OBJC_MSGSEND = YES;
				GCC_C_LANGUAGE_STANDARD = gnu11;
				GCC_NO_COMMON_BLOCKS = YES;
				GCC_WARN_64_TO_32_BIT_CONVERSION = YES;
				GCC_WARN_ABOUT_RETURN_TYPE = YES_ERROR;
				GCC_WARN_UNDECLARED_SELECTOR = YES;
				GCC_WARN_UNINITIALIZED_AUTOS = YES_AGGRESSIVE;
				GCC_WARN_UNUSED_FUNCTION = YES;
				GCC_WARN_UNUSED_VARIABLE = YES;
				IPHONEOS_DEPLOYMENT_TARGET = 16.4;
				MTL_ENABLE_DEBUG_INFO = NO;
				MTL_FAST_MATH = YES;
				SDKROOT = iphoneos;
				SWIFT_COMPILATION_MODE = wholemodule;
				SWIFT_OPTIMIZATION_LEVEL = "-O";
				VALIDATE_PRODUCT = YES;
			};
			name = Release;
		};
		0FE9F3932A5E479400C69153 /* Debug */ = {
			isa = XCBuildConfiguration;
			buildSettings = {
				ASSETCATALOG_COMPILER_APPICON_NAME = AppIcon;
				ASSETCATALOG_COMPILER_GLOBAL_ACCENT_COLOR_NAME = AccentColor;
				CODE_SIGN_STYLE = Automatic;
				CURRENT_PROJECT_VERSION = 1;
				DEVELOPMENT_ASSET_PATHS = "\"MessengerFirebase/Preview Content\"";
				DEVELOPMENT_TEAM = ZYYWRK846R;
				ENABLE_PREVIEWS = YES;
				GENERATE_INFOPLIST_FILE = YES;
				INFOPLIST_KEY_UIApplicationSceneManifest_Generation = YES;
				INFOPLIST_KEY_UIApplicationSupportsIndirectInputEvents = YES;
				INFOPLIST_KEY_UILaunchScreen_Generation = YES;
				INFOPLIST_KEY_UISupportedInterfaceOrientations_iPad = "UIInterfaceOrientationPortrait UIInterfaceOrientationPortraitUpsideDown UIInterfaceOrientationLandscapeLeft UIInterfaceOrientationLandscapeRight";
				INFOPLIST_KEY_UISupportedInterfaceOrientations_iPhone = "UIInterfaceOrientationPortrait UIInterfaceOrientationLandscapeLeft UIInterfaceOrientationLandscapeRight";
				LD_RUNPATH_SEARCH_PATHS = (
					"$(inherited)",
					"@executable_path/Frameworks",
				);
				MARKETING_VERSION = 1.0;
				PRODUCT_BUNDLE_IDENTIFIER = com.BarringtonThorpe.MessengerFirebase;
				PRODUCT_NAME = "$(TARGET_NAME)";
				SWIFT_EMIT_LOC_STRINGS = YES;
				SWIFT_VERSION = 5.0;
				TARGETED_DEVICE_FAMILY = "1,2";
			};
			name = Debug;
		};
		0FE9F3942A5E479400C69153 /* Release */ = {
			isa = XCBuildConfiguration;
			buildSettings = {
				ASSETCATALOG_COMPILER_APPICON_NAME = AppIcon;
				ASSETCATALOG_COMPILER_GLOBAL_ACCENT_COLOR_NAME = AccentColor;
				CODE_SIGN_STYLE = Automatic;
				CURRENT_PROJECT_VERSION = 1;
				DEVELOPMENT_ASSET_PATHS = "\"MessengerFirebase/Preview Content\"";
				DEVELOPMENT_TEAM = ZYYWRK846R;
				ENABLE_PREVIEWS = YES;
				GENERATE_INFOPLIST_FILE = YES;
				INFOPLIST_KEY_UIApplicationSceneManifest_Generation = YES;
				INFOPLIST_KEY_UIApplicationSupportsIndirectInputEvents = YES;
				INFOPLIST_KEY_UILaunchScreen_Generation = YES;
				INFOPLIST_KEY_UISupportedInterfaceOrientations_iPad = "UIInterfaceOrientationPortrait UIInterfaceOrientationPortraitUpsideDown UIInterfaceOrientationLandscapeLeft UIInterfaceOrientationLandscapeRight";
				INFOPLIST_KEY_UISupportedInterfaceOrientations_iPhone = "UIInterfaceOrientationPortrait UIInterfaceOrientationLandscapeLeft UIInterfaceOrientationLandscapeRight";
				LD_RUNPATH_SEARCH_PATHS = (
					"$(inherited)",
					"@executable_path/Frameworks",
				);
				MARKETING_VERSION = 1.0;
				PRODUCT_BUNDLE_IDENTIFIER = com.BarringtonThorpe.MessengerFirebase;
				PRODUCT_NAME = "$(TARGET_NAME)";
				SWIFT_EMIT_LOC_STRINGS = YES;
				SWIFT_VERSION = 5.0;
				TARGETED_DEVICE_FAMILY = "1,2";
			};
			name = Release;
		};
/* End XCBuildConfiguration section */

/* Begin XCConfigurationList section */
		0FE9F37F2A5E479300C69153 /* Build configuration list for PBXProject "MessengerFirebase" */ = {
			isa = XCConfigurationList;
			buildConfigurations = (
				0FE9F3902A5E479400C69153 /* Debug */,
				0FE9F3912A5E479400C69153 /* Release */,
			);
			defaultConfigurationIsVisible = 0;
			defaultConfigurationName = Release;
		};
		0FE9F3922A5E479400C69153 /* Build configuration list for PBXNativeTarget "MessengerFirebase" */ = {
			isa = XCConfigurationList;
			buildConfigurations = (
				0FE9F3932A5E479400C69153 /* Debug */,
				0FE9F3942A5E479400C69153 /* Release */,
			);
			defaultConfigurationIsVisible = 0;
			defaultConfigurationName = Release;
		};
/* End XCConfigurationList section */
	};
	rootObject = 0FE9F37C2A5E479300C69153 /* Project object */;
}
